
Microsoft Visual Studio Solution File, Format Version 12.00
# Visual Studio Version 16
VisualStudioVersion = 16.0.31205.134
MinimumVisualStudioVersion = 10.0.40219.1
Project("{8BC9CEB8-8B4A-11D0-8D11-00A0C91BC942}") = "8.26", "8.26.vcxproj", "{34797A6B-E7E8-4076-8654-D7646665FC6B}"
EndProject
Global
	GlobalSection(SolutionConfigurationPlatforms) = preSolution
		Debug|x64 = Debug|x64
		Debug|x86 = Debug|x86
		Release|x64 = Release|x64
		Release|x86 = Release|x86
	EndGlobalSection
	GlobalSection(ProjectConfigurationPlatforms) = postSolution
		{34797A6B-E7E8-4076-8654-D7646665FC6B}.Debug|x64.ActiveCfg = Debug|x64
		{34797A6B-E7E8-4076-8654-D7646665FC6B}.Debug|x64.Build.0 = Debug|x64
		{34797A6B-E7E8-4076-8654-D7646665FC6B}.Debug|x86.ActiveCfg = Debug|Win32
		{34797A6B-E7E8-4076-8654-D7646665FC6B}.Debug|x86.Build.0 = Debug|Win32
		{34797A6B-E7E8-4076-8654-D7646665FC6B}.Release|x64.ActiveCfg = Release|x64
		{34797A6B-E7E8-4076-8654-D7646665FC6B}.Release|x64.Build.0 = Release|x64
		{34797A6B-E7E8-4076-8654-D7646665FC6B}.Release|x86.ActiveCfg = Release|Win32
		{34797A6B-E7E8-4076-8654-D7646665FC6B}.Release|x86.Build.0 = Release|Win32
	EndGlobalSection
	GlobalSection(SolutionProperties) = preSolution
		HideSolutionNode = FALSE
	EndGlobalSection
	GlobalSection(ExtensibilityGlobals) = postSolution
		SolutionGuid = {165C2710-0ABB-4EE0-A6C8-0D10C173BEC5}
	EndGlobalSection
EndGlobal
