
Microsoft Visual Studio Solution File, Format Version 12.00
# Visual Studio Version 16
VisualStudioVersion = 16.0.31205.134
MinimumVisualStudioVersion = 10.0.40219.1
Project("{8BC9CEB8-8B4A-11D0-8D11-00A0C91BC942}") = "lei_and_duixiang", "lei_and_duixiang.vcxproj", "{D1601BCD-5090-4134-B12B-17372CBBD2D5}"
EndProject
Global
	GlobalSection(SolutionConfigurationPlatforms) = preSolution
		Debug|x64 = Debug|x64
		Debug|x86 = Debug|x86
		Release|x64 = Release|x64
		Release|x86 = Release|x86
	EndGlobalSection
	GlobalSection(ProjectConfigurationPlatforms) = postSolution
		{D1601BCD-5090-4134-B12B-17372CBBD2D5}.Debug|x64.ActiveCfg = Debug|x64
		{D1601BCD-5090-4134-B12B-17372CBBD2D5}.Debug|x64.Build.0 = Debug|x64
		{D1601BCD-5090-4134-B12B-17372CBBD2D5}.Debug|x86.ActiveCfg = Debug|Win32
		{D1601BCD-5090-4134-B12B-17372CBBD2D5}.Debug|x86.Build.0 = Debug|Win32
		{D1601BCD-5090-4134-B12B-17372CBBD2D5}.Release|x64.ActiveCfg = Release|x64
		{D1601BCD-5090-4134-B12B-17372CBBD2D5}.Release|x64.Build.0 = Release|x64
		{D1601BCD-5090-4134-B12B-17372CBBD2D5}.Release|x86.ActiveCfg = Release|Win32
		{D1601BCD-5090-4134-B12B-17372CBBD2D5}.Release|x86.Build.0 = Release|Win32
	EndGlobalSection
	GlobalSection(SolutionProperties) = preSolution
		HideSolutionNode = FALSE
	EndGlobalSection
	GlobalSection(ExtensibilityGlobals) = postSolution
		SolutionGuid = {23ED40CE-C09E-4992-B914-5666917806C6}
	EndGlobalSection
EndGlobal
